# This file is autogenerated, do not edit; changes may be undone by the next 'dep ensure'.


[[projects]]
  digest = "1:8dd0db5b95368d375a994534f0ff7b1454cad3fc222c3f76a41dae43fa070d8b"
  name = "contrib.go.opencensus.io/exporter/jaeger"
  packages = [
    ".",
    "internal/gen-go/jaeger",
  ]
  pruneopts = "UT"
  revision = "f3684086370a4b70671b0611a7d4ffd560eb3b54"
  version = "v0.1.0"

[[projects]]
  digest = "1:a0f79124a2fba5112d3d1466b917daf508e548c6c2da106399df92a79e06628b"
  name = "contrib.go.opencensus.io/exporter/prometheus"
  packages = ["."]
  pruneopts = "UT"
  revision = "f4a2c1e53ec45636355d35fb9022b64e4bdd4a91"
  version = "v0.1.0"

[[projects]]
  branch = "master"
  digest = "1:df416aef14f1103aea76c44be36073f8765565aba08e8acb37cde8c15f28bf33"
  name = "github.com/AndreasBriese/bbloom"
  packages = ["."]
  pruneopts = "UT"
  revision = "46b345b51c9667fcbaad862a370d73bd7aa802b6"

[[projects]]
  digest = "1:dee9c323f0354bffc74b18df50c19dc572476a8fce8a66cbfbddc0843514f83c"
  name = "github.com/ThreeDotsLabs/watermill"
  packages = [
    ".",
    "internal",
    "message",
    "message/router/middleware",
    "pubsub/gochannel",
    "pubsub/sync",
  ]
  pruneopts = "UT"
  revision = "577f2aca3bdaa3b2ba8a64ccaf39c67b82022400"
  version = "v1.0.0-rc.1"

[[projects]]
  digest = "1:b39cf81d5f440b9c0757a25058432d33af867e5201109bf53621356d9dab4b73"
  name = "github.com/apache/thrift"
  packages = ["lib/go/thrift"]
  pruneopts = "UT"
  revision = "384647d290e2e4a55a14b1b7ef1b7e66293a2c33"
  version = "v0.12.0"

[[projects]]
  digest = "1:d6afaeed1502aa28e80a4ed0981d570ad91b2579193404256ce672ed0a609e0d"
  name = "github.com/beorn7/perks"
  packages = ["quantile"]
  pruneopts = "UT"
  revision = "37c8de3658fcb183f997c4e13e8337516ab753e6"
  version = "v1.0.1"

[[projects]]
  digest = "1:b6d886569181ec96ca83d529f4d6ba0cbf92ace7bb6f633f90c5f34d9bba7aab"
  name = "github.com/blang/semver"
  packages = ["."]
  pruneopts = "UT"
  revision = "ba2c2ddd89069b46a7011d4106f6868f17ee1705"
  version = "v3.6.1"

[[projects]]
  digest = "1:c1100fc71e23b6a32b2c68a5202a848fd13811d5a10b12edb8019c3667d1cd9a"
  name = "github.com/cenkalti/backoff"
  packages = ["."]
  pruneopts = "UT"
  revision = "4b4cebaf850ec58f1bb1fec5bdebdf8501c2bc3f"
  version = "v3.0.0"

[[projects]]
  digest = "1:ffe9824d294da03b391f44e1ae8281281b4afc1bdaa9588c9097785e3af10cec"
  name = "github.com/davecgh/go-spew"
  packages = ["spew"]
  pruneopts = "UT"
  revision = "8991bc29aa16c548c550c7ff78260e27b9ab7c73"
  version = "v1.1.1"

[[projects]]
  digest = "1:6be8582a4f52ba2851d8a039eb9c3a3b90334b2820563d71e97de35580da128e"
  name = "github.com/dgraph-io/badger"
  packages = [
    ".",
    "options",
    "pb",
    "skl",
    "table",
    "y",
  ]
  pruneopts = "UT"
  revision = "2fa005c9d4bf695277ab5214c1fbce3735b9562a"
  version = "v1.6.0"

[[projects]]
  branch = "master"
  digest = "1:6e8109ce247a59ab1eeb5330166c12735f6590de99c9647b6162d11518d32c9a"
  name = "github.com/dgryski/go-farm"
  packages = ["."]
  pruneopts = "UT"
  revision = "6a90982ecee230ff6cba02d5bd386acc030be9d3"

[[projects]]
  digest = "1:6f9339c912bbdda81302633ad7e99a28dfa5a639c864061f1929510a9a64aa74"
  name = "github.com/dustin/go-humanize"
  packages = ["."]
  pruneopts = "UT"
  revision = "9f541cc9db5d55bce703bd99987c9d5cb8eea45e"
  version = "v1.0.0"

[[projects]]
  digest = "1:547f5df5f708c880f0af507317c8d022b8d62053a5cb075e23c6eeed09eb2e4e"
  name = "github.com/fortytw2/leaktest"
  packages = ["."]
  pruneopts = "UT"
  revision = "9a23578d06a26ec1b47bfc8965bf5e7011df8bd6"
  version = "v1.3.0"

[[projects]]
  digest = "1:abeb38ade3f32a92943e5be54f55ed6d6e3b6602761d74b4aab4c9dd45c18abd"
  name = "github.com/fsnotify/fsnotify"
  packages = ["."]
  pruneopts = "UT"
  revision = "c2828203cd70a50dcccfb2761f8b1f8ceef9a8e9"
  version = "v1.4.7"

[[projects]]
  digest = "1:803efb5d2326aca89759ed555705ae47aed33b6f373632b1ef53b2a6fef94bda"
  name = "github.com/gogo/protobuf"
  packages = [
    "gogoproto",
    "plugin/compare",
    "plugin/defaultcheck",
    "plugin/description",
    "plugin/embedcheck",
    "plugin/enumstringer",
    "plugin/equal",
    "plugin/face",
    "plugin/gostring",
    "plugin/marshalto",
    "plugin/oneofcheck",
    "plugin/populate",
    "plugin/size",
    "plugin/stringer",
    "plugin/testgen",
    "plugin/union",
    "plugin/unmarshal",
    "proto",
    "protoc-gen-gogo/descriptor",
    "protoc-gen-gogo/generator",
    "protoc-gen-gogo/generator/internal/remap",
    "protoc-gen-gogo/grpc",
    "protoc-gen-gogo/plugin",
    "protoc-gen-gogoslick",
    "sortkeys",
    "vanity",
    "vanity/command",
  ]
  pruneopts = "UT"
  revision = "ba06b47c162d49f2af050fb4c75bcbc86a159d5c"
  version = "v1.2.1"

[[projects]]
  digest = "1:68bb23c556ad49139e6166df2d2a644e0a6fd2a6179d66efc1f0cc86d6a79be0"
  name = "github.com/gojuno/minimock"
  packages = ["."]
  pruneopts = "UT"
  revision = "1672f6126e23b7f7fd76ce77268c71689e435eeb"
  version = "v2.1.9"

[[projects]]
  digest = "1:b532ee3f683c057e797694b5bfeb3827d89e6adf41c53dbc80e549bca76364ea"
  name = "github.com/golang/protobuf"
  packages = [
    "jsonpb",
    "proto",
    "protoc-gen-go/descriptor",
    "protoc-gen-go/generator",
    "protoc-gen-go/generator/internal/remap",
    "protoc-gen-go/plugin",
    "ptypes",
    "ptypes/any",
    "ptypes/duration",
    "ptypes/struct",
    "ptypes/timestamp",
    "ptypes/wrappers",
  ]
  pruneopts = "UT"
  revision = "6c65a5562fc06764971b7c5d05c76c75e84bdbf7"
  version = "v1.3.2"

[[projects]]
  branch = "master"
  digest = "1:a6181aca1fd5e27103f9a920876f29ac72854df7345a39f3b01e61c8c94cc8af"
  name = "github.com/google/gofuzz"
  packages = ["."]
  pruneopts = "UT"
  revision = "f140a6486e521aad38f5917de355cbf147cc0496"

[[projects]]
  digest = "1:aebccac5eae98c77bbdf314428fb06ec1c1b4bee91589c3624d7facba176b8a6"
  name = "github.com/google/gops"
  packages = [
    "agent",
    "internal",
    "signal",
  ]
  pruneopts = "UT"
  revision = "9fda3b87c7b32caeeb2974e7cc2e71e60a597fdf"
  version = "v0.3.6"

[[projects]]
  digest = "1:582b704bebaa06b48c29b0cec224a6058a09c86883aaddabde889cd1a5f73e1b"
  name = "github.com/google/uuid"
  packages = ["."]
  pruneopts = "UT"
  revision = "0cd6bf5da1e1c83f8b45653022c74f71af0538a4"
  version = "v1.1.1"

[[projects]]
  digest = "1:3b341cd71012c63aacddabfc70b9110be8e30c553349552ad3f77242843f2d03"
  name = "github.com/grpc-ecosystem/grpc-gateway"
  packages = [
    "internal",
    "runtime",
    "utilities",
  ]
  pruneopts = "UT"
  revision = "fd2d159495beeea56e2b747d3d4b68299a81210c"
  version = "v1.9.6"

[[projects]]
  digest = "1:0ade334594e69404d80d9d323445d2297ff8161637f9b2d347cc6973d2d6f05b"
  name = "github.com/hashicorp/errwrap"
  packages = ["."]
  pruneopts = "UT"
  revision = "8a6fb523712970c966eefc6b39ed2c5e74880354"
  version = "v1.0.0"

[[projects]]
  digest = "1:f668349b83f7d779567c880550534addeca7ebadfdcf44b0b9c39be61864b4b7"
  name = "github.com/hashicorp/go-multierror"
  packages = ["."]
  pruneopts = "UT"
  revision = "886a7fbe3eb1c874d46f623bfa70af45f425b3d1"
  version = "v1.0.0"

[[projects]]
  digest = "1:7fae9ec96d10b2afce0da23c378c8b3389319b7f92fa092f2621bba3078cfb4b"
  name = "github.com/hashicorp/golang-lru"
  packages = ["simplelru"]
  pruneopts = "UT"
  revision = "7f827b33c0f158ec5dfbba01bb0b14a4541fd81d"
  version = "v0.5.3"

[[projects]]
  digest = "1:c0d19ab64b32ce9fe5cf4ddceba78d5bc9807f0016db6b1183599da3dcc24d10"
  name = "github.com/hashicorp/hcl"
  packages = [
    ".",
    "hcl/ast",
    "hcl/parser",
    "hcl/printer",
    "hcl/scanner",
    "hcl/strconv",
    "hcl/token",
    "json/parser",
    "json/scanner",
    "json/token",
  ]
  pruneopts = "UT"
  revision = "8cb6e5b959231cc1119e43259c4a608f9c51a241"
  version = "v1.0.0"

[[projects]]
  digest = "1:870d441fe217b8e689d7949fef6e43efbc787e50f200cb1e70dbca9204a1d6be"
  name = "github.com/inconshreveable/mousetrap"
  packages = ["."]
  pruneopts = "UT"
  revision = "76626ae9c91c4f2a10f34cad8ce83ea42c93bb75"
  version = "v1.0"

[[projects]]
  branch = "master"
  digest = "1:3c6ef72ecdb2ead95ff8b26a5d7ba93b70ee903eb12cf2d585cf168238cf9a2b"
  name = "github.com/insolar/go-actors"
  packages = [
    "actor",
    "actor/errors",
    "actor/mailbox",
    "actor/system",
  ]
  pruneopts = "UT"
  revision = "36f9cd2e9cfb77718cc165dae5a1ddee09dc05ab"

[[projects]]
  branch = "v1"
  digest = "1:6e66547dc669a6bf80df8ed8d5ee45c51753a4d81511cf6161614b69934928cc"
  name = "github.com/insolar/rpc"
  packages = [
    "v2",
    "v2/json2",
  ]
  pruneopts = "UT"
  revision = "c27e1d218f1f41c684884521f111cb1c78d0f7fa"

[[projects]]
  digest = "1:9f86b5f5862a8ae44a5e2461619ac8f0fd1c75d670b735e40c4319f61bcb4bd3"
  name = "github.com/insolar/x-crypto"
  packages = [
    ".",
    "dsa",
    "ecdsa",
    "elliptic",
    "internal/randutil",
    "md5",
    "rand",
    "rand/internal/unix",
    "rsa",
    "sha1",
    "sha256",
    "sha512",
    "subtle",
    "x509",
    "x509/pkix",
  ]
  pruneopts = "UT"
  revision = "f1d1a11a87990a129e7cc24fe4b7efb46dbdbe01"
  version = "1.1"

[[projects]]
  branch = "master"
  digest = "1:fa3a7dc0a780fb19838fb96d4e18c0b9a019d9bb618798308d7b6ca48fcb9876"
  name = "github.com/jbenet/go-base58"
  packages = ["."]
  pruneopts = "UT"
  revision = "6237cf65f3a6f7111cd8a42be3590df99a66bc7d"

[[projects]]
  branch = "master"
  digest = "1:f433da6fbabb0bd1bd730fd340782015c644123d02eb78c20c69ce03352daad1"
  name = "github.com/kardianos/osext"
  packages = ["."]
  pruneopts = "UT"
  revision = "2bc1f35cddc0cc527b4bc3dce8578fc2a6c11384"

[[projects]]
  digest = "1:5a0ef768465592efca0412f7e838cdc0826712f8447e70e6ccc52eb441e9ab13"
  name = "github.com/magiconair/properties"
  packages = ["."]
  pruneopts = "UT"
  revision = "de8848e004dd33dc07a2947b3d76f618a7fc7ef1"
  version = "v1.8.1"

[[projects]]
  digest = "1:0356f3312c9bd1cbeda81505b7fd437501d8e778ab66998ef69f00d7f9b3a0d7"
  name = "github.com/mattn/go-runewidth"
  packages = ["."]
  pruneopts = "UT"
  revision = "3ee7d812e62a0804a7d0a324e0249ca2db3476d3"
  version = "v0.0.4"

[[projects]]
  digest = "1:ff5ebae34cfbf047d505ee150de27e60570e8c394b3b8fdbb720ff6ac71985fc"
  name = "github.com/matttproud/golang_protobuf_extensions"
  packages = ["pbutil"]
  pruneopts = "UT"
  revision = "c12348ce28de40eed0136aa2b644d0ee0650e56c"
  version = "v1.0.1"

[[projects]]
  digest = "1:53bc4cd4914cd7cd52139990d5170d6dc99067ae31c56530621b18b35fc30318"
  name = "github.com/mitchellh/mapstructure"
  packages = ["."]
  pruneopts = "UT"
  revision = "3536a929edddb9a5b34bd6861dc4a9647cb459fe"
  version = "v1.1.2"

[[projects]]
  branch = "master"
  digest = "1:7e8b852581596acce37bcb939a05d7d5ff27156045b50057e659e299c16fc1ca"
  name = "github.com/mmcloughlin/avo"
  packages = [
    "attr",
    "build",
    "buildtags",
    "gotypes",
    "internal/prnt",
    "internal/stack",
    "ir",
    "operand",
    "pass",
    "printer",
    "reg",
    "src",
    "x86",
  ]
  pruneopts = "UT"
  revision = "bb615f61ce85790a1667efc145c66e917cce1a39"

[[projects]]
  digest = "1:860c25446f565f998eb698ddc033e9e43b2546eb950b20aca28f30ba73deb86d"
  name = "github.com/oklog/ulid"
  packages = ["."]
  pruneopts = "UT"
  revision = "be3bccf06dda9a40aa6800c4736ac77f2fef987f"
  version = "v2.0.2"

[[projects]]
  digest = "1:abcdbf03ca6ca13d3697e2186edc1f33863bbdac2b3a44dfa39015e8903f7409"
  name = "github.com/olekukonko/tablewriter"
  packages = ["."]
  pruneopts = "UT"
  revision = "e6d60cf7ba1f42d86d54cdf5508611c4aafb3970"
  version = "v0.0.1"

[[projects]]
  digest = "1:d3215d90d3c8949d75f3d54acb3884719931e25833767354b458393c183cf742"
  name = "github.com/onrik/gomerkle"
  packages = ["."]
  pruneopts = "UT"
  revision = "ab2e2957ce984295b41eb935d0309d3a0334595f"
  version = "v1.0.0"

[[projects]]
  digest = "1:93131d8002d7025da13582877c32d1fc302486775a1b06f62241741006428c5e"
  name = "github.com/pelletier/go-toml"
  packages = ["."]
  pruneopts = "UT"
  revision = "728039f679cbcd4f6a54e080d2219a4c4928c546"
  version = "v1.4.0"

[[projects]]
  digest = "1:cf31692c14422fa27c83a05292eb5cbe0fb2775972e8f1f8446a71549bd8980b"
  name = "github.com/pkg/errors"
  packages = ["."]
  pruneopts = "UT"
  revision = "ba968bfe8b2f7e042a574c888954fccecfa385b4"
  version = "v0.8.1"

[[projects]]
  digest = "1:0028cb19b2e4c3112225cd871870f2d9cf49b9b4276531f03438a88e94be86fe"
  name = "github.com/pmezard/go-difflib"
  packages = ["difflib"]
  pruneopts = "UT"
  revision = "792786c7400a136282c1664665ae0a8db921c6c2"
  version = "v1.0.0"

[[projects]]
  digest = "1:e89f2cdede55684adbe44b5566f55838ad2aee1dff348d14b73ccf733607b671"
  name = "github.com/prometheus/client_golang"
  packages = [
    "prometheus",
    "prometheus/internal",
    "prometheus/promhttp",
  ]
  pruneopts = "UT"
  revision = "2641b987480bca71fb39738eb8c8b0d577cb1d76"
  version = "v0.9.4"

[[projects]]
  branch = "master"
  digest = "1:2d5cd61daa5565187e1d96bae64dbbc6080dacf741448e9629c64fd93203b0d4"
  name = "github.com/prometheus/client_model"
  packages = ["go"]
  pruneopts = "UT"
  revision = "14fe0d1b01d4d5fc031dd4bec1823bd3ebbe8016"

[[projects]]
  digest = "1:8dcedf2e8f06c7f94e48267dea0bc0be261fa97b377f3ae3e87843a92a549481"
  name = "github.com/prometheus/common"
  packages = [
    "expfmt",
    "internal/bitbucket.org/ww/goautoneg",
    "model",
  ]
  pruneopts = "UT"
  revision = "31bed53e4047fd6c510e43a941f90cb31be0972a"
  version = "v0.6.0"

[[projects]]
  digest = "1:8232537905152d6a0b116b9af5a0868fcac0e84eb02ec5a150624c077bdedb0b"
  name = "github.com/prometheus/procfs"
  packages = [
    ".",
    "internal/fs",
    "internal/util",
  ]
  pruneopts = "UT"
  revision = "00ec24a6a2d86e7074629c8384715dbb05adccd8"
  version = "v0.0.4"

[[projects]]
  digest = "1:4853aea8a727b1cc962f687688aef22ce0dd040a9f695c07f303559e4595a152"
  name = "github.com/renstrom/shortuuid"
  packages = ["."]
  pruneopts = "UT"
  revision = "1be5ab5d90f6624ae0484197d1bb079a399712f0"
  version = "v3.0.3"

[[projects]]
  digest = "1:fc03341aafbf39a31b220e73ced14b3af0b928af973b232533c843af8b1d49d2"
  name = "github.com/rs/zerolog"
  packages = [
    ".",
    "diode",
    "diode/internal/diodes",
    "internal/cbor",
    "internal/json",
  ]
  pruneopts = "UT"
  revision = "b806a5ecbe5347ad9ef05121fea8f4acc65fa5fc"
  version = "v1.15.0"

[[projects]]
  branch = "master"
  digest = "1:a3b8912deeef29007fab9a13a9f21b9e9b59c621a2ed61e2fe7b37320a71fbd5"
  name = "github.com/satori/go.uuid"
  packages = ["."]
  pruneopts = "UT"
  revision = "b2ce2384e17bbe0c6d34077efa39dbab3e09123b"

[[projects]]
  digest = "1:bb495ec276ab82d3dd08504bbc0594a65de8c3b22c6f2aaa92d05b73fbf3a82e"
  name = "github.com/spf13/afero"
  packages = [
    ".",
    "mem",
  ]
  pruneopts = "UT"
  revision = "588a75ec4f32903aa5e39a2619ba6a4631e28424"
  version = "v1.2.2"

[[projects]]
  digest = "1:08d65904057412fc0270fc4812a1c90c594186819243160dc779a402d4b6d0bc"
  name = "github.com/spf13/cast"
  packages = ["."]
  pruneopts = "UT"
  revision = "8c9545af88b134710ab1cd196795e7f2388358d7"
  version = "v1.3.0"

[[projects]]
  digest = "1:e096613fb7cf34743d49af87d197663cfccd61876e2219853005a57baedfa562"
  name = "github.com/spf13/cobra"
  packages = ["."]
  pruneopts = "UT"
  revision = "f2b07da1e2c38d5f12845a4f607e2e1018cbb1f5"
  version = "v0.0.5"

[[projects]]
  digest = "1:1b753ec16506f5864d26a28b43703c58831255059644351bbcb019b843950900"
  name = "github.com/spf13/jwalterweatherman"
  packages = ["."]
  pruneopts = "UT"
  revision = "94f6ae3ed3bceceafa716478c5fbf8d29ca601a1"
  version = "v1.1.0"

[[projects]]
  digest = "1:c1b1102241e7f645bc8e0c22ae352e8f0dc6484b6cb4d132fa9f24174e0119e2"
  name = "github.com/spf13/pflag"
  packages = ["."]
  pruneopts = "UT"
  revision = "298182f68c66c05229eb03ac171abe6e309ee79a"
  version = "v1.0.3"

[[projects]]
  digest = "1:11118bd196646c6515fea3d6c43f66162833c6ae4939bfb229b9956d91c6cf17"
  name = "github.com/spf13/viper"
  packages = ["."]
  pruneopts = "UT"
  revision = "b5bf975e5823809fb22c7644d008757f78a4259e"
  version = "v1.4.0"

[[projects]]
  branch = "master"
  digest = "1:0496f0e99014b7fd0a560c539f51d0882731137b85494142f47e550e4657176a"
  name = "github.com/stretchr/testify"
  packages = [
    "assert",
    "require",
    "suite",
  ]
  pruneopts = "UT"
  revision = "221dbe5ed46703ee255b1da0dec05086f5035f62"

[[projects]]
  branch = "master"
  digest = "1:4262ea367f180f3865bad721123c6eefb389762190b3c90de6f7723fbe5ca6f2"
  name = "github.com/tylerb/gls"
  packages = ["."]
  pruneopts = "UT"
  revision = "e606233f194d6c314156dc6a35f21a42a470c6f6"

[[projects]]
  digest = "1:56a1ddd7eb11b4e46f7c8b8137194f6e33f2faa64afb25d0412002603452f274"
  name = "github.com/ugorji/go"
  packages = ["codec"]
  pruneopts = "UT"
  revision = "772ced7fd4c2f6322c07537a9a93b68d74551fa6"

[[projects]]
  digest = "1:b7c2ac33d95453f9285cb06d1dd07e666341f597e8090c0c925af4e9f8a3a150"
  name = "go.opencensus.io"
  packages = [
    ".",
    "internal",
    "internal/tagencoding",
    "metric/metricdata",
    "metric/metricexport",
    "metric/metricproducer",
    "plugin/ocgrpc",
    "resource",
    "stats",
    "stats/internal",
    "stats/view",
    "tag",
    "trace",
    "trace/internal",
    "trace/propagation",
    "trace/tracestate",
    "zpages",
    "zpages/internal",
  ]
  pruneopts = "UT"
  revision = "9c377598961b706d1542bd2d84d538b5094d596e"
  version = "v0.22.0"

[[projects]]
  branch = "master"
  digest = "1:af16df560b6ac62084c5cd3ab0bc2e869b7142c633c3b45f93444e448e02adf6"
  name = "golang.org/x/crypto"
  packages = [
    "cryptobyte",
    "cryptobyte/asn1",
    "sha3",
  ]
  pruneopts = "UT"
  revision = "60c769a6c58655dab1b9adac0d58967dd517cfba"

[[projects]]
  branch = "master"
  digest = "1:78a2a3581a6d07f1776023ce3409d3025219be07426d1501413174562eab9538"
  name = "golang.org/x/net"
  packages = [
    "context",
    "http/httpguts",
    "http2",
    "http2/h2c",
    "http2/hpack",
    "idna",
    "internal/timeseries",
    "trace",
  ]
  pruneopts = "UT"
  revision = "ba9fcec4b297b415637633c5a6e8fa592e4a16c3"

[[projects]]
  branch = "master"
  digest = "1:382bb5a7fb4034db3b6a2d19e5a4a6bcf52f4750530603c01ca18a172fa3089b"
  name = "golang.org/x/sync"
  packages = ["semaphore"]
  pruneopts = "UT"
  revision = "112230192c580c3556b8cee6403af37a4fc5f28c"

[[projects]]
  branch = "master"
  digest = "1:70c738070461e5aec64d6384461b42318589b860a5bef3cd6a45d86e154cbb3a"
  name = "golang.org/x/sys"
  packages = [
    "cpu",
    "unix",
  ]
  pruneopts = "UT"
  revision = "c7b8b68b14567162c6602a7c5659ee0f26417c18"

[[projects]]
  digest = "1:8d8faad6b12a3a4c819a3f9618cb6ee1fa1cfc33253abeeea8b55336721e3405"
  name = "golang.org/x/text"
  packages = [
    "collate",
    "collate/build",
    "internal/colltab",
    "internal/gen",
    "internal/language",
    "internal/language/compact",
    "internal/tag",
    "internal/triegen",
    "internal/ucd",
    "language",
    "secure/bidirule",
    "transform",
    "unicode/bidi",
    "unicode/cldr",
    "unicode/norm",
    "unicode/rangetable",
  ]
  pruneopts = "UT"
  revision = "342b2e1fbaa52c93f31447ad2c6abc048c63e475"
  version = "v0.3.2"

[[projects]]
  branch = "master"
  digest = "1:43aa5407b49785c96b8dd04a785d59cd24e92216ce8b391ed34ff880d0b302fc"
  name = "golang.org/x/tools"
  packages = [
    "go/ast/astutil",
    "go/gcexportdata",
    "go/internal/gcimporter",
    "go/internal/packagesdriver",
    "go/packages",
    "go/types/typeutil",
    "internal/fastwalk",
    "internal/gopathwalk",
    "internal/semver",
  ]
  pruneopts = "UT"
  revision = "b29f5f60c37a1dd56e6942c2717b85b976e4a592"

[[projects]]
  digest = "1:5f003878aabe31d7f6b842d4de32b41c46c214bb629bb485387dbcce1edf5643"
  name = "google.golang.org/api"
  packages = ["support/bundler"]
  pruneopts = "UT"
  revision = "feb0267beb8644f5088a03be4d5ec3f8c7020152"
  version = "v0.9.0"

[[projects]]
  branch = "master"
  digest = "1:1233ed1b527b0ff66c3df5879f7e80b1d8631e030cc45821b77fc25acd0d72a6"
  name = "google.golang.org/genproto"
  packages = [
    "googleapis/api/annotations",
    "googleapis/api/httpbody",
    "googleapis/rpc/status",
    "protobuf/field_mask",
  ]
  pruneopts = "UT"
  revision = "24fa4b261c55da65468f2abfdae2b024eef27dfb"

[[projects]]
  digest = "1:69d1b9652e6abdc1081ec7528bdd806fbfeb8bdc7a5686b59119e01a46ea5d78"
  name = "google.golang.org/grpc"
  packages = [
    ".",
    "balancer",
    "balancer/base",
    "balancer/roundrobin",
    "binarylog/grpc_binarylog_v1",
    "codes",
    "connectivity",
    "credentials",
    "credentials/internal",
    "encoding",
    "encoding/proto",
    "grpclog",
    "internal",
    "internal/backoff",
    "internal/binarylog",
    "internal/channelz",
    "internal/envconfig",
    "internal/grpcrand",
    "internal/grpcsync",
    "internal/syscall",
    "internal/transport",
    "keepalive",
    "metadata",
    "naming",
    "peer",
    "reflection",
    "reflection/grpc_reflection_v1alpha",
    "resolver",
    "resolver/dns",
    "resolver/passthrough",
    "stats",
    "status",
    "tap",
  ]
  pruneopts = "UT"
  revision = "2fdaae294f38ed9a121193c51ec99fecd3b13eb7"
  version = "v1.19.0"

[[projects]]
  digest = "1:4d2e5a73dc1500038e504a8d78b986630e3626dc027bc030ba5c75da257cdb96"
  name = "gopkg.in/yaml.v2"
  packages = ["."]
  pruneopts = "UT"
  revision = "51d6538a90f86fe93ac480b35f37b2be17fef232"
  version = "v2.2.2"

[solve-meta]
  analyzer-name = "dep"
  analyzer-version = 1
  input-imports = [
    "contrib.go.opencensus.io/exporter/jaeger",
    "contrib.go.opencensus.io/exporter/prometheus",
    "github.com/ThreeDotsLabs/watermill",
    "github.com/ThreeDotsLabs/watermill/message",
    "github.com/ThreeDotsLabs/watermill/message/router/middleware",
    "github.com/ThreeDotsLabs/watermill/pubsub/gochannel",
    "github.com/blang/semver",
    "github.com/dgraph-io/badger",
    "github.com/fortytw2/leaktest",
    "github.com/gogo/protobuf/gogoproto",
    "github.com/gogo/protobuf/proto",
    "github.com/gogo/protobuf/protoc-gen-gogoslick",
    "github.com/gogo/protobuf/sortkeys",
    "github.com/gojuno/minimock",
    "github.com/golang/protobuf/proto",
    "github.com/google/gofuzz",
    "github.com/google/gops/agent",
    "github.com/grpc-ecosystem/grpc-gateway/runtime",
    "github.com/grpc-ecosystem/grpc-gateway/utilities",
    "github.com/insolar/go-actors/actor",
    "github.com/insolar/go-actors/actor/system",
    "github.com/insolar/rpc/v2",
    "github.com/insolar/rpc/v2/json2",
    "github.com/insolar/x-crypto/ecdsa",
    "github.com/insolar/x-crypto/sha256",
    "github.com/insolar/x-crypto/x509",
    "github.com/jbenet/go-base58",
    "github.com/olekukonko/tablewriter",
    "github.com/onrik/gomerkle",
    "github.com/pkg/errors",
    "github.com/prometheus/client_golang/prometheus",
    "github.com/prometheus/client_golang/prometheus/promhttp",
    "github.com/rs/zerolog",
    "github.com/rs/zerolog/diode",
    "github.com/satori/go.uuid",
    "github.com/spf13/cobra",
    "github.com/spf13/jwalterweatherman",
    "github.com/spf13/pflag",
    "github.com/spf13/viper",
    "github.com/stretchr/testify/assert",
    "github.com/stretchr/testify/require",
    "github.com/stretchr/testify/suite",
    "github.com/tylerb/gls",
    "github.com/ugorji/go/codec",
    "go.opencensus.io/stats",
    "go.opencensus.io/stats/view",
    "go.opencensus.io/tag",
    "go.opencensus.io/trace",
    "go.opencensus.io/zpages",
    "golang.org/x/crypto/sha3",
    "golang.org/x/net/context",
    "golang.org/x/net/http2",
    "golang.org/x/net/http2/h2c",
    "google.golang.org/genproto/googleapis/api/annotations",
    "google.golang.org/grpc",
    "google.golang.org/grpc/codes",
    "google.golang.org/grpc/grpclog",
    "google.golang.org/grpc/metadata",
    "google.golang.org/grpc/reflection",
    "google.golang.org/grpc/status",
    "gopkg.in/yaml.v2",
  ]
  solver-name = "gps-cdcl"
  solver-version = 1
